
Microsoft Visual Studio Solution File, Format Version 12.00
# Visual Studio Version 16
VisualStudioVersion = 16.0.31105.61
MinimumVisualStudioVersion = 10.0.40219.1
Project("{9A19103F-16F7-4668-BE54-9A1E7A4F7556}") = "HouseProject", "HouseProject\HouseProject.csproj", "{BE9F24BC-8CB7-4764-99A2-9438BE69A328}"
	ProjectSection(ProjectDependencies) = postProject
		{3710ED93-A4BD-4755-8423-A189CB5E6116} = {3710ED93-A4BD-4755-8423-A189CB5E6116}
	EndProjectSection
EndProject
Project("{FAE04EC0-301F-11D3-BF4B-00C04F79EFBC}") = "House.ApplicationServices", "House.ApplicationServices\House.ApplicationServices.csproj", "{C11AA90A-CB7F-4B60-9183-92AEE0A40AC8}"
EndProject
Project("{FAE04EC0-301F-11D3-BF4B-00C04F79EFBC}") = "House.Core", "House.Core\House.Core.csproj", "{F3C2E6FC-3E3E-481A-9DE3-7319A71A8CDC}"
EndProject
Project("{FAE04EC0-301F-11D3-BF4B-00C04F79EFBC}") = "House.Data", "House.Data\House.Data.csproj", "{3710ED93-A4BD-4755-8423-A189CB5E6116}"
EndProject
Global
	GlobalSection(SolutionConfigurationPlatforms) = preSolution
		Debug|Any CPU = Debug|Any CPU
		Release|Any CPU = Release|Any CPU
	EndGlobalSection
	GlobalSection(ProjectConfigurationPlatforms) = postSolution
		{BE9F24BC-8CB7-4764-99A2-9438BE69A328}.Debug|Any CPU.ActiveCfg = Debug|Any CPU
		{BE9F24BC-8CB7-4764-99A2-9438BE69A328}.Debug|Any CPU.Build.0 = Debug|Any CPU
		{BE9F24BC-8CB7-4764-99A2-9438BE69A328}.Release|Any CPU.ActiveCfg = Release|Any CPU
		{BE9F24BC-8CB7-4764-99A2-9438BE69A328}.Release|Any CPU.Build.0 = Release|Any CPU
		{C11AA90A-CB7F-4B60-9183-92AEE0A40AC8}.Debug|Any CPU.ActiveCfg = Debug|Any CPU
		{C11AA90A-CB7F-4B60-9183-92AEE0A40AC8}.Debug|Any CPU.Build.0 = Debug|Any CPU
		{C11AA90A-CB7F-4B60-9183-92AEE0A40AC8}.Release|Any CPU.ActiveCfg = Release|Any CPU
		{C11AA90A-CB7F-4B60-9183-92AEE0A40AC8}.Release|Any CPU.Build.0 = Release|Any CPU
		{F3C2E6FC-3E3E-481A-9DE3-7319A71A8CDC}.Debug|Any CPU.ActiveCfg = Debug|Any CPU
		{F3C2E6FC-3E3E-481A-9DE3-7319A71A8CDC}.Debug|Any CPU.Build.0 = Debug|Any CPU
		{F3C2E6FC-3E3E-481A-9DE3-7319A71A8CDC}.Release|Any CPU.ActiveCfg = Release|Any CPU
		{F3C2E6FC-3E3E-481A-9DE3-7319A71A8CDC}.Release|Any CPU.Build.0 = Release|Any CPU
		{3710ED93-A4BD-4755-8423-A189CB5E6116}.Debug|Any CPU.ActiveCfg = Debug|Any CPU
		{3710ED93-A4BD-4755-8423-A189CB5E6116}.Debug|Any CPU.Build.0 = Debug|Any CPU
		{3710ED93-A4BD-4755-8423-A189CB5E6116}.Release|Any CPU.ActiveCfg = Release|Any CPU
		{3710ED93-A4BD-4755-8423-A189CB5E6116}.Release|Any CPU.Build.0 = Release|Any CPU
	EndGlobalSection
	GlobalSection(SolutionProperties) = preSolution
		HideSolutionNode = FALSE
	EndGlobalSection
	GlobalSection(ExtensibilityGlobals) = postSolution
		SolutionGuid = {1F55F346-08F2-4A1E-8F6B-2C4F1CD830D0}
	EndGlobalSection
EndGlobal
